
Microsoft Visual Studio Solution File, Format Version 12.00
# Visual Studio 14
VisualStudioVersion = 14.0.25420.1
MinimumVisualStudioVersion = 10.0.40219.1
Project("{FAE04EC0-301F-11D3-BF4B-00C04F79EFBC}") = "TrashCollector2", "TrashCollector2\TrashCollector2.csproj", "{B38AE25B-6A2E-4C8D-8659-84E1CBF42C01}"
EndProject
Global
	GlobalSection(SolutionConfigurationPlatforms) = preSolution
		Debug|Any CPU = Debug|Any CPU
		Release|Any CPU = Release|Any CPU
	EndGlobalSection
	GlobalSection(ProjectConfigurationPlatforms) = postSolution
		{B38AE25B-6A2E-4C8D-8659-84E1CBF42C01}.Debug|Any CPU.ActiveCfg = Debug|Any CPU
		{B38AE25B-6A2E-4C8D-8659-84E1CBF42C01}.Debug|Any CPU.Build.0 = Debug|Any CPU
		{B38AE25B-6A2E-4C8D-8659-84E1CBF42C01}.Release|Any CPU.ActiveCfg = Release|Any CPU
		{B38AE25B-6A2E-4C8D-8659-84E1CBF42C01}.Release|Any CPU.Build.0 = Release|Any CPU
	EndGlobalSection
	GlobalSection(SolutionProperties) = preSolution
		HideSolutionNode = FALSE
	EndGlobalSection
EndGlobal
